{"filter":false,"title":"Gemfile.lock","tooltip":"/Myrottenpotatoes/Gemfile.lock","ace":{"folds":[],"scrolltop":2447.5,"scrollleft":0,"selection":{"start":{"row":0,"column":0},"end":{"row":0,"column":0},"isBackwards":false},"options":{"guessTabSize":true,"useWrapMode":false,"wrapToView":true},"firstLineState":0,"cleansed":true},"hash":"f187a2f36bcf27b0c1ee28b7d887df1b2a83dedb","undoManager":{"mark":-1,"position":-1,"stack":[]},"timestamp":1540765809870}